
Microsoft Visual Studio Solution File, Format Version 12.00
# Visual Studio Version 17
VisualStudioVersion = 17.0.31903.59
MinimumVisualStudioVersion = 10.0.40219.1
Project("{FAE04EC0-301F-11D3-BF4B-00C04F79EFBC}") = "BarberBooking.Api", "BarberBooking.Api\BarberBooking.Api.csproj", "{0EC06679-1AD8-497F-8C87-0FE527864BD1}"
EndProject
Project("{FAE04EC0-301F-11D3-BF4B-00C04F79EFBC}") = "BarberBooking.Application", "BarberBooking.Application\BarberBooking.Application.csproj", "{4AB31578-1481-4BC6-B977-D8D84FAC9BE9}"
EndProject
Project("{FAE04EC0-301F-11D3-BF4B-00C04F79EFBC}") = "BarberBooking.Domain", "BarberBooking.Domain\BarberBooking.Domain.csproj", "{0FBDBDA9-F69D-4695-9174-7C71D1C5D0A7}"
EndProject
Project("{FAE04EC0-301F-11D3-BF4B-00C04F79EFBC}") = "BarberBooking.Infrastructure", "BarberBooking.Infrastructure\BarberBooking.Infrastructure.csproj", "{51A7A0DB-07BF-4150-B55B-C941EE94D420}"
EndProject
Global
	GlobalSection(SolutionConfigurationPlatforms) = preSolution
		Debug|Any CPU = Debug|Any CPU
		Debug|x64 = Debug|x64
		Debug|x86 = Debug|x86
		Release|Any CPU = Release|Any CPU
		Release|x64 = Release|x64
		Release|x86 = Release|x86
	EndGlobalSection
	GlobalSection(ProjectConfigurationPlatforms) = postSolution
		{0EC06679-1AD8-497F-8C87-0FE527864BD1}.Debug|Any CPU.ActiveCfg = Debug|Any CPU
		{0EC06679-1AD8-497F-8C87-0FE527864BD1}.Debug|Any CPU.Build.0 = Debug|Any CPU
		{0EC06679-1AD8-497F-8C87-0FE527864BD1}.Debug|x64.ActiveCfg = Debug|Any CPU
		{0EC06679-1AD8-497F-8C87-0FE527864BD1}.Debug|x64.Build.0 = Debug|Any CPU
		{0EC06679-1AD8-497F-8C87-0FE527864BD1}.Debug|x86.ActiveCfg = Debug|Any CPU
		{0EC06679-1AD8-497F-8C87-0FE527864BD1}.Debug|x86.Build.0 = Debug|Any CPU
		{0EC06679-1AD8-497F-8C87-0FE527864BD1}.Release|Any CPU.ActiveCfg = Release|Any CPU
		{0EC06679-1AD8-497F-8C87-0FE527864BD1}.Release|Any CPU.Build.0 = Release|Any CPU
		{0EC06679-1AD8-497F-8C87-0FE527864BD1}.Release|x64.ActiveCfg = Release|Any CPU
		{0EC06679-1AD8-497F-8C87-0FE527864BD1}.Release|x64.Build.0 = Release|Any CPU
		{0EC06679-1AD8-497F-8C87-0FE527864BD1}.Release|x86.ActiveCfg = Release|Any CPU
		{0EC06679-1AD8-497F-8C87-0FE527864BD1}.Release|x86.Build.0 = Release|Any CPU
		{4AB31578-1481-4BC6-B977-D8D84FAC9BE9}.Debug|Any CPU.ActiveCfg = Debug|Any CPU
		{4AB31578-1481-4BC6-B977-D8D84FAC9BE9}.Debug|Any CPU.Build.0 = Debug|Any CPU
		{4AB31578-1481-4BC6-B977-D8D84FAC9BE9}.Debug|x64.ActiveCfg = Debug|Any CPU
		{4AB31578-1481-4BC6-B977-D8D84FAC9BE9}.Debug|x64.Build.0 = Debug|Any CPU
		{4AB31578-1481-4BC6-B977-D8D84FAC9BE9}.Debug|x86.ActiveCfg = Debug|Any CPU
		{4AB31578-1481-4BC6-B977-D8D84FAC9BE9}.Debug|x86.Build.0 = Debug|Any CPU
		{4AB31578-1481-4BC6-B977-D8D84FAC9BE9}.Release|Any CPU.ActiveCfg = Release|Any CPU
		{4AB31578-1481-4BC6-B977-D8D84FAC9BE9}.Release|Any CPU.Build.0 = Release|Any CPU
		{4AB31578-1481-4BC6-B977-D8D84FAC9BE9}.Release|x64.ActiveCfg = Release|Any CPU
		{4AB31578-1481-4BC6-B977-D8D84FAC9BE9}.Release|x64.Build.0 = Release|Any CPU
		{4AB31578-1481-4BC6-B977-D8D84FAC9BE9}.Release|x86.ActiveCfg = Release|Any CPU
		{4AB31578-1481-4BC6-B977-D8D84FAC9BE9}.Release|x86.Build.0 = Release|Any CPU
		{0FBDBDA9-F69D-4695-9174-7C71D1C5D0A7}.Debug|Any CPU.ActiveCfg = Debug|Any CPU
		{0FBDBDA9-F69D-4695-9174-7C71D1C5D0A7}.Debug|Any CPU.Build.0 = Debug|Any CPU
		{0FBDBDA9-F69D-4695-9174-7C71D1C5D0A7}.Debug|x64.ActiveCfg = Debug|Any CPU
		{0FBDBDA9-F69D-4695-9174-7C71D1C5D0A7}.Debug|x64.Build.0 = Debug|Any CPU
		{0FBDBDA9-F69D-4695-9174-7C71D1C5D0A7}.Debug|x86.ActiveCfg = Debug|Any CPU
		{0FBDBDA9-F69D-4695-9174-7C71D1C5D0A7}.Debug|x86.Build.0 = Debug|Any CPU
		{0FBDBDA9-F69D-4695-9174-7C71D1C5D0A7}.Release|Any CPU.ActiveCfg = Release|Any CPU
		{0FBDBDA9-F69D-4695-9174-7C71D1C5D0A7}.Release|Any CPU.Build.0 = Release|Any CPU
		{0FBDBDA9-F69D-4695-9174-7C71D1C5D0A7}.Release|x64.ActiveCfg = Release|Any CPU
		{0FBDBDA9-F69D-4695-9174-7C71D1C5D0A7}.Release|x64.Build.0 = Release|Any CPU
		{0FBDBDA9-F69D-4695-9174-7C71D1C5D0A7}.Release|x86.ActiveCfg = Release|Any CPU
		{0FBDBDA9-F69D-4695-9174-7C71D1C5D0A7}.Release|x86.Build.0 = Release|Any CPU
		{51A7A0DB-07BF-4150-B55B-C941EE94D420}.Debug|Any CPU.ActiveCfg = Debug|Any CPU
		{51A7A0DB-07BF-4150-B55B-C941EE94D420}.Debug|Any CPU.Build.0 = Debug|Any CPU
		{51A7A0DB-07BF-4150-B55B-C941EE94D420}.Debug|x64.ActiveCfg = Debug|Any CPU
		{51A7A0DB-07BF-4150-B55B-C941EE94D420}.Debug|x64.Build.0 = Debug|Any CPU
		{51A7A0DB-07BF-4150-B55B-C941EE94D420}.Debug|x86.ActiveCfg = Debug|Any CPU
		{51A7A0DB-07BF-4150-B55B-C941EE94D420}.Debug|x86.Build.0 = Debug|Any CPU
		{51A7A0DB-07BF-4150-B55B-C941EE94D420}.Release|Any CPU.ActiveCfg = Release|Any CPU
		{51A7A0DB-07BF-4150-B55B-C941EE94D420}.Release|Any CPU.Build.0 = Release|Any CPU
		{51A7A0DB-07BF-4150-B55B-C941EE94D420}.Release|x64.ActiveCfg = Release|Any CPU
		{51A7A0DB-07BF-4150-B55B-C941EE94D420}.Release|x64.Build.0 = Release|Any CPU
		{51A7A0DB-07BF-4150-B55B-C941EE94D420}.Release|x86.ActiveCfg = Release|Any CPU
		{51A7A0DB-07BF-4150-B55B-C941EE94D420}.Release|x86.Build.0 = Release|Any CPU
	EndGlobalSection
	GlobalSection(SolutionProperties) = preSolution
		HideSolutionNode = FALSE
	EndGlobalSection
EndGlobal
